// !$*UTF8*$!
{
	archiveVersion = 1;
	classes = {
	};
	objectVersion = 50;
	objects = {

/* Begin PBXBuildFile section */
		8D4F46D426A04B1D00DD809D /* AppDelegate.swift in Sources */ = {isa = PBXBuildFile; fileRef = 8D4F46D326A04B1D00DD809D /* AppDelegate.swift */; };
		8D4F46D626A04B1D00DD809D /* SceneDelegate.swift in Sources */ = {isa = PBXBuildFile; fileRef = 8D4F46D526A04B1D00DD809D /* SceneDelegate.swift */; };
		8D4F46D826A04B1D00DD809D /* ToggleTesting.swift in Sources */ = {isa = PBXBuildFile; fileRef = 8D4F46D726A04B1D00DD809D /* ToggleTesting.swift */; };
		8D4F46DA26A04B1F00DD809D /* Assets.xcassets in Resources */ = {isa = PBXBuildFile; fileRef = 8D4F46D926A04B1F00DD809D /* Assets.xcassets */; };
		8D4F46DD26A04B1F00DD809D /* Preview Assets.xcassets in Resources */ = {isa = PBXBuildFile; fileRef = 8D4F46DC26A04B1F00DD809D /* Preview Assets.xcassets */; };
		8D4F46E026A04B1F00DD809D /* LaunchScreen.storyboard in Resources */ = {isa = PBXBuildFile; fileRef = 8D4F46DE26A04B1F00DD809D /* LaunchScreen.storyboard */; };
		8D4F46E826A0518E00DD809D /* RecordToggleStyle.swift in Sources */ = {isa = PBXBuildFile; fileRef = 8D4F46E726A0518E00DD809D /* RecordToggleStyle.swift */; };
		8D4F46EB26A0698000DD809D /* AudioRecorder.swift in Sources */ = {isa = PBXBuildFile; fileRef = 8D4F46EA26A0698000DD809D /* AudioRecorder.swift */; };
/* End PBXBuildFile section */

/* Begin PBXFileReference section */
		8D4F46D026A04B1D00DD809D /* Toggle Testing.app */ = {isa = PBXFileReference; explicitFileType = wrapper.application; includeInIndex = 0; path = "Toggle Testing.app"; sourceTree = BUILT_PRODUCTS_DIR; };
		8D4F46D326A04B1D00DD809D /* AppDelegate.swift */ = {isa = PBXFileReference; lastKnownFileType = sourcecode.swift; path = AppDelegate.swift; sourceTree = "<group>"; };
		8D4F46D526A04B1D00DD809D /* SceneDelegate.swift */ = {isa = PBXFileReference; lastKnownFileType = sourcecode.swift; path = SceneDelegate.swift; sourceTree = "<group>"; };
		8D4F46D726A04B1D00DD809D /* ToggleTesting.swift */ = {isa = PBXFileReference; lastKnownFileType = sourcecode.swift; path = ToggleTesting.swift; sourceTree = "<group>"; };
		8D4F46D926A04B1F00DD809D /* Assets.xcassets */ = {isa = PBXFileReference; lastKnownFileType = folder.assetcatalog; path = Assets.xcassets; sourceTree = "<group>"; };
		8D4F46DC26A04B1F00DD809D /* Preview Assets.xcassets */ = {isa = PBXFileReference; lastKnownFileType = folder.assetcatalog; path = "Preview Assets.xcassets"; sourceTree = "<group>"; };
		8D4F46DF26A04B1F00DD809D /* Base */ = {isa = PBXFileReference; lastKnownFileType = file.storyboard; name = Base; path = Base.lproj/LaunchScreen.storyboard; sourceTree = "<group>"; };
		8D4F46E126A04B1F00DD809D /* Info.plist */ = {isa = PBXFileReference; lastKnownFileType = text.plist.xml; path = Info.plist; sourceTree = "<group>"; };
		8D4F46E726A0518E00DD809D /* RecordToggleStyle.swift */ = {isa = PBXFileReference; lastKnownFileType = sourcecode.swift; path = RecordToggleStyle.swift; sourceTree = "<group>"; };
		8D4F46EA26A0698000DD809D /* AudioRecorder.swift */ = {isa = PBXFileReference; lastKnownFileType = sourcecode.swift; path = AudioRecorder.swift; sourceTree = "<group>"; };
/* End PBXFileReference section */

/* Begin PBXFrameworksBuildPhase section */
		8D4F46CD26A04B1D00DD809D /* Frameworks */ = {
			isa = PBXFrameworksBuildPhase;
			buildActionMask = 2147483647;
			files = (
			);
			runOnlyForDeploymentPostprocessing = 0;
		};
/* End PBXFrameworksBuildPhase section */

/* Begin PBXGroup section */
		8D4F46C726A04B1D00DD809D = {
			isa = PBXGroup;
			children = (
				8D4F46D226A04B1D00DD809D /* Toggle Testing */,
				8D4F46D126A04B1D00DD809D /* Products */,
			);
			sourceTree = "<group>";
		};
		8D4F46D126A04B1D00DD809D /* Products */ = {
			isa = PBXGroup;
			children = (
				8D4F46D026A04B1D00DD809D /* Toggle Testing.app */,
			);
			name = Products;
			sourceTree = "<group>";
		};
		8D4F46D226A04B1D00DD809D /* Toggle Testing */ = {
			isa = PBXGroup;
			children = (
				8D4F46D326A04B1D00DD809D /* AppDelegate.swift */,
				8D4F46D526A04B1D00DD809D /* SceneDelegate.swift */,
				8D4F46E926A0695100DD809D /* Toggle Button */,
				8D4F46D926A04B1F00DD809D /* Assets.xcassets */,
				8D4F46DE26A04B1F00DD809D /* LaunchScreen.storyboard */,
				8D4F46E126A04B1F00DD809D /* Info.plist */,
				8D4F46DB26A04B1F00DD809D /* Preview Content */,
			);
			path = "Toggle Testing";
			sourceTree = "<group>";
		};
		8D4F46DB26A04B1F00DD809D /* Preview Content */ = {
			isa = PBXGroup;
			children = (
				8D4F46DC26A04B1F00DD809D /* Preview Assets.xcassets */,
			);
			path = "Preview Content";
			sourceTree = "<group>";
		};
		8D4F46E926A0695100DD809D /* Toggle Button */ = {
			isa = PBXGroup;
			children = (
				8D4F46D726A04B1D00DD809D /* ToggleTesting.swift */,
				8D4F46E726A0518E00DD809D /* RecordToggleStyle.swift */,
				8D4F46EA26A0698000DD809D /* AudioRecorder.swift */,
			);
			path = "Toggle Button";
			sourceTree = "<group>";
		};
/* End PBXGroup section */

/* Begin PBXNativeTarget section */
		8D4F46CF26A04B1D00DD809D /* Toggle Testing */ = {
			isa = PBXNativeTarget;
			buildConfigurationList = 8D4F46E426A04B1F00DD809D /* Build configuration list for PBXNativeTarget "Toggle Testing" */;
			buildPhases = (
				8D4F46CC26A04B1D00DD809D /* Sources */,
				8D4F46CD26A04B1D00DD809D /* Frameworks */,
				8D4F46CE26A04B1D00DD809D /* Resources */,
			);
			buildRules = (
			);
			dependencies = (
			);
			name = "Toggle Testing";
			productName = "Toggle Testing";
			productReference = 8D4F46D026A04B1D00DD809D /* Toggle Testing.app */;
			productType = "com.apple.product-type.application";
		};
/* End PBXNativeTarget section */

/* Begin PBXProject section */
		8D4F46C826A04B1D00DD809D /* Project object */ = {
			isa = PBXProject;
			attributes = {
				LastSwiftUpdateCheck = 1250;
				LastUpgradeCheck = 1250;
				TargetAttributes = {
					8D4F46CF26A04B1D00DD809D = {
						CreatedOnToolsVersion = 12.5.1;
					};
				};
			};
			buildConfigurationList = 8D4F46CB26A04B1D00DD809D /* Build configuration list for PBXProject "Toggle Testing" */;
			compatibilityVersion = "Xcode 9.3";
			developmentRegion = en;
			hasScannedForEncodings = 0;
			knownRegions = (
				en,
				Base,
			);
			mainGroup = 8D4F46C726A04B1D00DD809D;
			productRefGroup = 8D4F46D126A04B1D00DD809D /* Products */;
			projectDirPath = "";
			projectRoot = "";
			targets = (
				8D4F46CF26A04B1D00DD809D /* Toggle Testing */,
			);
		};
/* End PBXProject section */

/* Begin PBXResourcesBuildPhase section */
		8D4F46CE26A04B1D00DD809D /* Resources */ = {
			isa = PBXResourcesBuildPhase;
			buildActionMask = 2147483647;
			files = (
				8D4F46E026A04B1F00DD809D /* LaunchScreen.storyboard in Resources */,
				8D4F46DD26A04B1F00DD809D /* Preview Assets.xcassets in Resources */,
				8D4F46DA26A04B1F00DD809D /* Assets.xcassets in Resources */,
			);
			runOnlyForDeploymentPostprocessing = 0;
		};
/* End PBXResourcesBuildPhase section */

/* Begin PBXSourcesBuildPhase section */
		8D4F46CC26A04B1D00DD809D /* Sources */ = {
			isa = PBXSourcesBuildPhase;
			buildActionMask = 2147483647;
			files = (
				8D4F46E826A0518E00DD809D /* RecordToggleStyle.swift in Sources */,
				8D4F46D426A04B1D00DD809D /* AppDelegate.swift in Sources */,
				8D4F46D626A04B1D00DD809D /* SceneDelegate.swift in Sources */,
				8D4F46D826A04B1D00DD809D /* ToggleTesting.swift in Sources */,
				8D4F46EB26A0698000DD809D /* AudioRecorder.swift in Sources */,
			);
			runOnlyForDeploymentPostprocessing = 0;
		};
/* End PBXSourcesBuildPhase section */

/* Begin PBXVariantGroup section */
		8D4F46DE26A04B1F00DD809D /* LaunchScreen.storyboard */ = {
			isa = PBXVariantGroup;
			children = (
				8D4F46DF26A04B1F00DD809D /* Base */,
			);
			name = LaunchScreen.storyboard;
			sourceTree = "<group>";
		};
/* End PBXVariantGroup section */

/* Begin XCBuildConfiguration section */
		8D4F46E226A04B1F00DD809D /* Debug */ = {
			isa = XCBuildConfiguration;
			buildSettings = {
				ALWAYS_SEARCH_USER_PATHS = NO;
				CLANG_ANALYZER_NONNULL = YES;
				CLANG_ANALYZER_NUMBER_OBJECT_CONVERSION = YES_AGGRESSIVE;
				CLANG_CXX_LANGUAGE_STANDARD = "gnu++14";
				CLANG_CXX_LIBRARY = "libc++";
				CLANG_ENABLE_MODULES = YES;
				CLANG_ENABLE_OBJC_ARC = YES;
				CLANG_ENABLE_OBJC_WEAK = YES;
				CLANG_WARN_BLOCK_CAPTURE_AUTORELEASING = YES;
				CLANG_WARN_BOOL_CONVERSION = YES;
				CLANG_WARN_COMMA = YES;
				CLANG_WARN_CONSTANT_CONVERSION = YES;
				CLANG_WARN_DEPRECATED_OBJC_IMPLEMENTATIONS = YES;
				CLANG_WARN_DIRECT_OBJC_ISA_USAGE = YES_ERROR;
				CLANG_WARN_DOCUMENTATION_COMMENTS = YES;
				CLANG_WARN_EMPTY_BODY = YES;
				CLANG_WARN_ENUM_CONVERSION = YES;
				CLANG_WARN_INFINITE_RECURSION = YES;
				CLANG_WARN_INT_CONVERSION = YES;
				CLANG_WARN_NON_LITERAL_NULL_CONVERSION = YES;
				CLANG_WARN_OBJC_IMPLICIT_RETAIN_SELF = YES;
				CLANG_WARN_OBJC_LITERAL_CONVERSION = YES;
				CLANG_WARN_OBJC_ROOT_CLASS = YES_ERROR;
				CLANG_WARN_QUOTED_INCLUDE_IN_FRAMEWORK_HEADER = YES;
				CLANG_WARN_RANGE_LOOP_ANALYSIS = YES;
				CLANG_WARN_STRICT_PROTOTYPES = YES;
				CLANG_WARN_SUSPICIOUS_MOVE = YES;
				CLANG_WARN_UNGUARDED_AVAILABILITY = YES_AGGRESSIVE;
				CLANG_WARN_UNREACHABLE_CODE = YES;
				CLANG_WARN__DUPLICATE_METHOD_MATCH = YES;
				COPY_PHASE_STRIP = NO;
				DEBUG_INFORMATION_FORMAT = dwarf;
				ENABLE_STRICT_OBJC_MSGSEND = YES;
				ENABLE_TESTABILITY = YES;
				GCC_C_LANGUAGE_STANDARD = gnu11;
				GCC_DYNAMIC_NO_PIC = NO;
				GCC_NO_COMMON_BLOCKS = YES;
				GCC_OPTIMIZATION_LEVEL = 0;
				GCC_PREPROCESSOR_DEFINITIONS = (
					"DEBUG=1",
					"$(inherited)",
				);
				GCC_WARN_64_TO_32_BIT_CONVERSION = YES;
				GCC_WARN_ABOUT_RETURN_TYPE = YES_ERROR;
				GCC_WARN_UNDECLARED_SELECTOR = YES;
				GCC_WARN_UNINITIALIZED_AUTOS = YES_AGGRESSIVE;
				GCC_WARN_UNUSED_FUNCTION = YES;
				GCC_WARN_UNUSED_VARIABLE = YES;
				IPHONEOS_DEPLOYMENT_TARGET = 14.5;
				MTL_ENABLE_DEBUG_INFO = INCLUDE_SOURCE;
				MTL_FAST_MATH = YES;
				ONLY_ACTIVE_ARCH = YES;
				SDKROOT = iphoneos;
				SWIFT_ACTIVE_COMPILATION_CONDITIONS = DEBUG;
				SWIFT_OPTIMIZATION_LEVEL = "-Onone";
			};
			name = Debug;
		};
		8D4F46E326A04B1F00DD809D /* Release */ = {
			isa = XCBuildConfiguration;
			buildSettings = {
				ALWAYS_SEARCH_USER_PATHS = NO;
				CLANG_ANALYZER_NONNULL = YES;
				CLANG_ANALYZER_NUMBER_OBJECT_CONVERSION = YES_AGGRESSIVE;
				CLANG_CXX_LANGUAGE_STANDARD = "gnu++14";
				CLANG_CXX_LIBRARY = "libc++";
				CLANG_ENABLE_MODULES = YES;
				CLANG_ENABLE_OBJC_ARC = YES;
				CLANG_ENABLE_OBJC_WEAK = YES;
				CLANG_WARN_BLOCK_CAPTURE_AUTORELEASING = YES;
				CLANG_WARN_BOOL_CONVERSION = YES;
				CLANG_WARN_COMMA = YES;
				CLANG_WARN_CONSTANT_CONVERSION = YES;
				CLANG_WARN_DEPRECATED_OBJC_IMPLEMENTATIONS = YES;
				CLANG_WARN_DIRECT_OBJC_ISA_USAGE = YES_ERROR;
				CLANG_WARN_DOCUMENTATION_COMMENTS = YES;
				CLANG_WARN_EMPTY_BODY = YES;
				CLANG_WARN_ENUM_CONVERSION = YES;
				CLANG_WARN_INFINITE_RECURSION = YES;
				CLANG_WARN_INT_CONVERSION = YES;
				CLANG_WARN_NON_LITERAL_NULL_CONVERSION = YES;
				CLANG_WARN_OBJC_IMPLICIT_RETAIN_SELF = YES;
				CLANG_WARN_OBJC_LITERAL_CONVERSION = YES;
				CLANG_WARN_OBJC_ROOT_CLASS = YES_ERROR;
				CLANG_WARN_QUOTED_INCLUDE_IN_FRAMEWORK_HEADER = YES;
				CLANG_WARN_RANGE_LOOP_ANALYSIS = YES;
				CLANG_WARN_STRICT_PROTOTYPES = YES;
				CLANG_WARN_SUSPICIOUS_MOVE = YES;
				CLANG_WARN_UNGUARDED_AVAILABILITY = YES_AGGRESSIVE;
				CLANG_WARN_UNREACHABLE_CODE = YES;
				CLANG_WARN__DUPLICATE_METHOD_MATCH = YES;
				COPY_PHASE_STRIP = NO;
				DEBUG_INFORMATION_FORMAT = "dwarf-with-dsym";
				ENABLE_NS_ASSERTIONS = NO;
				ENABLE_STRICT_OBJC_MSGSEND = YES;
				GCC_C_LANGUAGE_STANDARD = gnu11;
				GCC_NO_COMMON_BLOCKS = YES;
				GCC_WARN_64_TO_32_BIT_CONVERSION = YES;
				GCC_WARN_ABOUT_RETURN_TYPE = YES_ERROR;
				GCC_WARN_UNDECLARED_SELECTOR = YES;
				GCC_WARN_UNINITIALIZED_AUTOS = YES_AGGRESSIVE;
				GCC_WARN_UNUSED_FUNCTION = YES;
				GCC_WARN_UNUSED_VARIABLE = YES;
				IPHONEOS_DEPLOYMENT_TARGET = 14.5;
				MTL_ENABLE_DEBUG_INFO = NO;
				MTL_FAST_MATH = YES;
				SDKROOT = iphoneos;
				SWIFT_COMPILATION_MODE = wholemodule;
				SWIFT_OPTIMIZATION_LEVEL = "-O";
				VALIDATE_PRODUCT = YES;
			};
			name = Release;
		};
		8D4F46E526A04B1F00DD809D /* Debug */ = {
			isa = XCBuildConfiguration;
			buildSettings = {
				ASSETCATALOG_COMPILER_APPICON_NAME = AppIcon;
				ASSETCATALOG_COMPILER_GLOBAL_ACCENT_COLOR_NAME = AccentColor;
				CODE_SIGN_STYLE = Automatic;
				DEVELOPMENT_ASSET_PATHS = "\"Toggle Testing/Preview Content\"";
				ENABLE_PREVIEWS = YES;
				INFOPLIST_FILE = "Toggle Testing/Info.plist";
				LD_RUNPATH_SEARCH_PATHS = (
					"$(inherited)",
					"@executable_path/Frameworks",
				);
				PRODUCT_BUNDLE_IDENTIFIER = "com.panupatr.Toggle-Testing";
				PRODUCT_NAME = "$(TARGET_NAME)";
				SWIFT_VERSION = 5.0;
				TARGETED_DEVICE_FAMILY = "1,2";
			};
			name = Debug;
		};
		8D4F46E626A04B1F00DD809D /* Release */ = {
			isa = XCBuildConfiguration;
			buildSettings = {
				ASSETCATALOG_COMPILER_APPICON_NAME = AppIcon;
				ASSETCATALOG_COMPILER_GLOBAL_ACCENT_COLOR_NAME = AccentColor;
				CODE_SIGN_STYLE = Automatic;
				DEVELOPMENT_ASSET_PATHS = "\"Toggle Testing/Preview Content\"";
				ENABLE_PREVIEWS = YES;
				INFOPLIST_FILE = "Toggle Testing/Info.plist";
				LD_RUNPATH_SEARCH_PATHS = (
					"$(inherited)",
					"@executable_path/Frameworks",
				);
				PRODUCT_BUNDLE_IDENTIFIER = "com.panupatr.Toggle-Testing";
				PRODUCT_NAME = "$(TARGET_NAME)";
				SWIFT_VERSION = 5.0;
				TARGETED_DEVICE_FAMILY = "1,2";
			};
			name = Release;
		};
/* End XCBuildConfiguration section */

/* Begin XCConfigurationList section */
		8D4F46CB26A04B1D00DD809D /* Build configuration list for PBXProject "Toggle Testing" */ = {
			isa = XCConfigurationList;
			buildConfigurations = (
				8D4F46E226A04B1F00DD809D /* Debug */,
				8D4F46E326A04B1F00DD809D /* Release */,
			);
			defaultConfigurationIsVisible = 0;
			defaultConfigurationName = Release;
		};
		8D4F46E426A04B1F00DD809D /* Build configuration list for PBXNativeTarget "Toggle Testing" */ = {
			isa = XCConfigurationList;
			buildConfigurations = (
				8D4F46E526A04B1F00DD809D /* Debug */,
				8D4F46E626A04B1F00DD809D /* Release */,
			);
			defaultConfigurationIsVisible = 0;
			defaultConfigurationName = Release;
		};
/* End XCConfigurationList section */
	};
	rootObject = 8D4F46C826A04B1D00DD809D /* Project object */;
}
